{
    "_readme": [
        "This file locks the dependencies of your project to a known state",
        "Read more about it at https://getcomposer.org/doc/01-basic-usage.md#installing-dependencies",
        "This file is @generated automatically"
    ],
    "content-hash": "1b991fdb377f501444ca1f3b5ee80f87",
    "packages": [
        {
            "name": "phing/phing",
            "version": "2.4.14",
            "source": {
                "type": "git",
                "url": "https://github.com/phingofficial/phing.git",
                "reference": "41075d93ca254f1c90c79ec7ce81be2b2629e138"
            },
            "dist": {
                "type": "zip",
                "url": "https://api.github.com/repos/phingofficial/phing/zipball/41075d93ca254f1c90c79ec7ce81be2b2629e138",
                "reference": "41075d93ca254f1c90c79ec7ce81be2b2629e138",
                "shasum": ""
            },
            "require": {
                "php": ">=5.2.0"
            },
            "bin": [
                "bin/phing"
            ],
            "type": "library",
            "autoload": {
                "classmap": [
                    "classes/phing/"
                ]
            },
            "notification-url": "https://packagist.org/downloads/",
            "include-path": [
                "classes"
            ],
            "license": [
                "LGPL3"
            ],
            "authors": [
                {
                    "name": "Michiel Rook",
                    "email": "mrook@php.net",
                    "role": "Lead"
                },
                {
                    "name": "Phing Community",
                    "homepage": "http://www.phing.info/trac/wiki/Development/Contributors"
                }
            ],
            "description": "PHing Is Not GNU make; it's a PHP project build system or build tool based on Apache Ant.",
            "homepage": "http://www.phing.info/",
            "keywords": [
                "build",
                "task",
                "tool"
            ],
            "support": {
                "source": "https://github.com/phingofficial/phing/tree/2.4.14"
            },
            "time": "2012-11-29T21:23:47+00:00"
        },
        {
            "name": "propel/propel1",
            "version": "1.6.7",
            "source": {
                "type": "git",
                "url": "https://github.com/propelorm/Propel.git",
                "reference": "da71e39076a765fcb40af5e3319f19550c30bdb4"
            },
            "dist": {
                "type": "zip",
                "url": "https://api.github.com/repos/propelorm/Propel/zipball/da71e39076a765fcb40af5e3319f19550c30bdb4",
                "reference": "da71e39076a765fcb40af5e3319f19550c30bdb4",
                "shasum": ""
            },
            "require": {
                "phing/phing": ">=2.4.12,2.4.*",
                "php": ">=5.2.4"
            },
            "bin": [
                "generator/bin/propel-gen",
                "generator/bin/propel-gen.bat"
            ],
            "type": "library",
            "extra": {
                "branch-alias": {
                    "dev-master": "1.6-dev"
                }
            },
            "autoload": {
                "classmap": [
                    "runtime/lib",
                    "generator/lib"
                ]
            },
            "notification-url": "https://packagist.org/downloads/",
            "include-path": [
                "runtime/lib",
                "generator/lib"
            ],
            "license": [
                "MIT"
            ],
            "authors": [
                {
                    "name": "William Durand",
                    "email": "william.durand1@gmail.com",
                    "homepage": "http://www.willdurand.fr"
                }
            ],
            "description": "Propel is an open-source Object-Relational Mapping (ORM) for PHP5.",
            "homepage": "http://www.propelorm.org/",
            "keywords": [
                "Active Record",
                "database",
                "mapping",
                "orm",
                "persistence"
            ],
            "support": {
                "issues": "https://github.com/propelorm/Propel/issues",
                "source": "https://github.com/propelorm/Propel/tree/1.6.7"
            },
            "time": "2012-07-30T07:58:15+00:00"
        }
    ],
    "packages-dev": [],
    "aliases": [],
    "minimum-stability": "stable",
    "stability-flags": [],
    "prefer-stable": false,
    "prefer-lowest": false,
    "platform": [],
    "platform-dev": [],
    "plugin-api-version": "2.0.0"
}
